// !$*UTF8*$!
{
	archiveVersion = 1;
	classes = {
	};
	objectVersion = 50;
	objects = {

/* Begin PBXBuildFile section */
		112126C5230528AB00883F01 /* AppDelegate.swift in Sources */ = {isa = PBXBuildFile; fileRef = 112126C4230528AB00883F01 /* AppDelegate.swift */; };
		112126C7230528AB00883F01 /* ViewController.swift in Sources */ = {isa = PBXBuildFile; fileRef = 112126C6230528AB00883F01 /* ViewController.swift */; };
		112126CA230528AB00883F01 /* Main.storyboard in Resources */ = {isa = PBXBuildFile; fileRef = 112126C8230528AB00883F01 /* Main.storyboard */; };
		112126CC230528AD00883F01 /* Assets.xcassets in Resources */ = {isa = PBXBuildFile; fileRef = 112126CB230528AD00883F01 /* Assets.xcassets */; };
		112126CF230528AD00883F01 /* LaunchScreen.storyboard in Resources */ = {isa = PBXBuildFile; fileRef = 112126CD230528AD00883F01 /* LaunchScreen.storyboard */; };
		112126DA230528AD00883F01 /* UIDocumentControllerTests.swift in Sources */ = {isa = PBXBuildFile; fileRef = 112126D9230528AD00883F01 /* UIDocumentControllerTests.swift */; };
		112126E5230528AD00883F01 /* UIDocumentControllerUITests.swift in Sources */ = {isa = PBXBuildFile; fileRef = 112126E4230528AD00883F01 /* UIDocumentControllerUITests.swift */; };
/* End PBXBuildFile section */

/* Begin PBXContainerItemProxy section */
		112126D6230528AD00883F01 /* PBXContainerItemProxy */ = {
			isa = PBXContainerItemProxy;
			containerPortal = 112126B9230528AB00883F01 /* Project object */;
			proxyType = 1;
			remoteGlobalIDString = 112126C0230528AB00883F01;
			remoteInfo = UIDocumentController;
		};
		112126E1230528AD00883F01 /* PBXContainerItemProxy */ = {
			isa = PBXContainerItemProxy;
			containerPortal = 112126B9230528AB00883F01 /* Project object */;
			proxyType = 1;
			remoteGlobalIDString = 112126C0230528AB00883F01;
			remoteInfo = UIDocumentController;
		};
/* End PBXContainerItemProxy section */

/* Begin PBXFileReference section */
		112126C1230528AB00883F01 /* UIDocumentController.app */ = {isa = PBXFileReference; explicitFileType = wrapper.application; includeInIndex = 0; path = UIDocumentController.app; sourceTree = BUILT_PRODUCTS_DIR; };
		112126C4230528AB00883F01 /* AppDelegate.swift */ = {isa = PBXFileReference; lastKnownFileType = sourcecode.swift; path = AppDelegate.swift; sourceTree = "<group>"; };
		112126C6230528AB00883F01 /* ViewController.swift */ = {isa = PBXFileReference; lastKnownFileType = sourcecode.swift; path = ViewController.swift; sourceTree = "<group>"; };
		112126C9230528AB00883F01 /* Base */ = {isa = PBXFileReference; lastKnownFileType = file.storyboard; name = Base; path = Base.lproj/Main.storyboard; sourceTree = "<group>"; };
		112126CB230528AD00883F01 /* Assets.xcassets */ = {isa = PBXFileReference; lastKnownFileType = folder.assetcatalog; path = Assets.xcassets; sourceTree = "<group>"; };
		112126CE230528AD00883F01 /* Base */ = {isa = PBXFileReference; lastKnownFileType = file.storyboard; name = Base; path = Base.lproj/LaunchScreen.storyboard; sourceTree = "<group>"; };
		112126D0230528AD00883F01 /* Info.plist */ = {isa = PBXFileReference; lastKnownFileType = text.plist.xml; path = Info.plist; sourceTree = "<group>"; };
		112126D5230528AD00883F01 /* UIDocumentControllerTests.xctest */ = {isa = PBXFileReference; explicitFileType = wrapper.cfbundle; includeInIndex = 0; path = UIDocumentControllerTests.xctest; sourceTree = BUILT_PRODUCTS_DIR; };
		112126D9230528AD00883F01 /* UIDocumentControllerTests.swift */ = {isa = PBXFileReference; lastKnownFileType = sourcecode.swift; path = UIDocumentControllerTests.swift; sourceTree = "<group>"; };
		112126DB230528AD00883F01 /* Info.plist */ = {isa = PBXFileReference; lastKnownFileType = text.plist.xml; path = Info.plist; sourceTree = "<group>"; };
		112126E0230528AD00883F01 /* UIDocumentControllerUITests.xctest */ = {isa = PBXFileReference; explicitFileType = wrapper.cfbundle; includeInIndex = 0; path = UIDocumentControllerUITests.xctest; sourceTree = BUILT_PRODUCTS_DIR; };
		112126E4230528AD00883F01 /* UIDocumentControllerUITests.swift */ = {isa = PBXFileReference; lastKnownFileType = sourcecode.swift; path = UIDocumentControllerUITests.swift; sourceTree = "<group>"; };
		112126E6230528AD00883F01 /* Info.plist */ = {isa = PBXFileReference; lastKnownFileType = text.plist.xml; path = Info.plist; sourceTree = "<group>"; };
/* End PBXFileReference section */

/* Begin PBXFrameworksBuildPhase section */
		112126BE230528AB00883F01 /* Frameworks */ = {
			isa = PBXFrameworksBuildPhase;
			buildActionMask = 2147483647;
			files = (
			);
			runOnlyForDeploymentPostprocessing = 0;
		};
		112126D2230528AD00883F01 /* Frameworks */ = {
			isa = PBXFrameworksBuildPhase;
			buildActionMask = 2147483647;
			files = (
			);
			runOnlyForDeploymentPostprocessing = 0;
		};
		112126DD230528AD00883F01 /* Frameworks */ = {
			isa = PBXFrameworksBuildPhase;
			buildActionMask = 2147483647;
			files = (
			);
			runOnlyForDeploymentPostprocessing = 0;
		};
/* End PBXFrameworksBuildPhase section */

/* Begin PBXGroup section */
		112126B8230528AB00883F01 = {
			isa = PBXGroup;
			children = (
				112126C3230528AB00883F01 /* UIDocumentController */,
				112126D8230528AD00883F01 /* UIDocumentControllerTests */,
				112126E3230528AD00883F01 /* UIDocumentControllerUITests */,
				112126C2230528AB00883F01 /* Products */,
			);
			sourceTree = "<group>";
		};
		112126C2230528AB00883F01 /* Products */ = {
			isa = PBXGroup;
			children = (
				112126C1230528AB00883F01 /* UIDocumentController.app */,
				112126D5230528AD00883F01 /* UIDocumentControllerTests.xctest */,
				112126E0230528AD00883F01 /* UIDocumentControllerUITests.xctest */,
			);
			name = Products;
			sourceTree = "<group>";
		};
		112126C3230528AB00883F01 /* UIDocumentController */ = {
			isa = PBXGroup;
			children = (
				112126C4230528AB00883F01 /* AppDelegate.swift */,
				112126C6230528AB00883F01 /* ViewController.swift */,
				112126C8230528AB00883F01 /* Main.storyboard */,
				112126CB230528AD00883F01 /* Assets.xcassets */,
				112126CD230528AD00883F01 /* LaunchScreen.storyboard */,
				112126D0230528AD00883F01 /* Info.plist */,
			);
			path = UIDocumentController;
			sourceTree = "<group>";
		};
		112126D8230528AD00883F01 /* UIDocumentControllerTests */ = {
			isa = PBXGroup;
			children = (
				112126D9230528AD00883F01 /* UIDocumentControllerTests.swift */,
				112126DB230528AD00883F01 /* Info.plist */,
			);
			path = UIDocumentControllerTests;
			sourceTree = "<group>";
		};
		112126E3230528AD00883F01 /* UIDocumentControllerUITests */ = {
			isa = PBXGroup;
			children = (
				112126E4230528AD00883F01 /* UIDocumentControllerUITests.swift */,
				112126E6230528AD00883F01 /* Info.plist */,
			);
			path = UIDocumentControllerUITests;
			sourceTree = "<group>";
		};
/* End PBXGroup section */

/* Begin PBXNativeTarget section */
		112126C0230528AB00883F01 /* UIDocumentController */ = {
			isa = PBXNativeTarget;
			buildConfigurationList = 112126E9230528AD00883F01 /* Build configuration list for PBXNativeTarget "UIDocumentController" */;
			buildPhases = (
				112126BD230528AB00883F01 /* Sources */,
				112126BE230528AB00883F01 /* Frameworks */,
				112126BF230528AB00883F01 /* Resources */,
			);
			buildRules = (
			);
			dependencies = (
			);
			name = UIDocumentController;
			productName = UIDocumentController;
			productReference = 112126C1230528AB00883F01 /* UIDocumentController.app */;
			productType = "com.apple.product-type.application";
		};
		112126D4230528AD00883F01 /* UIDocumentControllerTests */ = {
			isa = PBXNativeTarget;
			buildConfigurationList = 112126EC230528AD00883F01 /* Build configuration list for PBXNativeTarget "UIDocumentControllerTests" */;
			buildPhases = (
				112126D1230528AD00883F01 /* Sources */,
				112126D2230528AD00883F01 /* Frameworks */,
				112126D3230528AD00883F01 /* Resources */,
			);
			buildRules = (
			);
			dependencies = (
				112126D7230528AD00883F01 /* PBXTargetDependency */,
			);
			name = UIDocumentControllerTests;
			productName = UIDocumentControllerTests;
			productReference = 112126D5230528AD00883F01 /* UIDocumentControllerTests.xctest */;
			productType = "com.apple.product-type.bundle.unit-test";
		};
		112126DF230528AD00883F01 /* UIDocumentControllerUITests */ = {
			isa = PBXNativeTarget;
			buildConfigurationList = 112126EF230528AD00883F01 /* Build configuration list for PBXNativeTarget "UIDocumentControllerUITests" */;
			buildPhases = (
				112126DC230528AD00883F01 /* Sources */,
				112126DD230528AD00883F01 /* Frameworks */,
				112126DE230528AD00883F01 /* Resources */,
			);
			buildRules = (
			);
			dependencies = (
				112126E2230528AD00883F01 /* PBXTargetDependency */,
			);
			name = UIDocumentControllerUITests;
			productName = UIDocumentControllerUITests;
			productReference = 112126E0230528AD00883F01 /* UIDocumentControllerUITests.xctest */;
			productType = "com.apple.product-type.bundle.ui-testing";
		};
/* End PBXNativeTarget section */

/* Begin PBXProject section */
		112126B9230528AB00883F01 /* Project object */ = {
			isa = PBXProject;
			attributes = {
				LastSwiftUpdateCheck = 1010;
				LastUpgradeCheck = 1010;
				ORGANIZATIONNAME = PE;
				TargetAttributes = {
					112126C0230528AB00883F01 = {
						CreatedOnToolsVersion = 10.1;
					};
					112126D4230528AD00883F01 = {
						CreatedOnToolsVersion = 10.1;
						TestTargetID = 112126C0230528AB00883F01;
					};
					112126DF230528AD00883F01 = {
						CreatedOnToolsVersion = 10.1;
						TestTargetID = 112126C0230528AB00883F01;
					};
				};
			};
			buildConfigurationList = 112126BC230528AB00883F01 /* Build configuration list for PBXProject "UIDocumentController" */;
			compatibilityVersion = "Xcode 9.3";
			developmentRegion = en;
			hasScannedForEncodings = 0;
			knownRegions = (
				en,
				Base,
			);
			mainGroup = 112126B8230528AB00883F01;
			productRefGroup = 112126C2230528AB00883F01 /* Products */;
			projectDirPath = "";
			projectRoot = "";
			targets = (
				112126C0230528AB00883F01 /* UIDocumentController */,
				112126D4230528AD00883F01 /* UIDocumentControllerTests */,
				112126DF230528AD00883F01 /* UIDocumentControllerUITests */,
			);
		};
/* End PBXProject section */

/* Begin PBXResourcesBuildPhase section */
		112126BF230528AB00883F01 /* Resources */ = {
			isa = PBXResourcesBuildPhase;
			buildActionMask = 2147483647;
			files = (
				112126CF230528AD00883F01 /* LaunchScreen.storyboard in Resources */,
				112126CC230528AD00883F01 /* Assets.xcassets in Resources */,
				112126CA230528AB00883F01 /* Main.storyboard in Resources */,
			);
			runOnlyForDeploymentPostprocessing = 0;
		};
		112126D3230528AD00883F01 /* Resources */ = {
			isa = PBXResourcesBuildPhase;
			buildActionMask = 2147483647;
			files = (
			);
			runOnlyForDeploymentPostprocessing = 0;
		};
		112126DE230528AD00883F01 /* Resources */ = {
			isa = PBXResourcesBuildPhase;
			buildActionMask = 2147483647;
			files = (
			);
			runOnlyForDeploymentPostprocessing = 0;
		};
/* End PBXResourcesBuildPhase section */

/* Begin PBXSourcesBuildPhase section */
		112126BD230528AB00883F01 /* Sources */ = {
			isa = PBXSourcesBuildPhase;
			buildActionMask = 2147483647;
			files = (
				112126C7230528AB00883F01 /* ViewController.swift in Sources */,
				112126C5230528AB00883F01 /* AppDelegate.swift in Sources */,
			);
			runOnlyForDeploymentPostprocessing = 0;
		};
		112126D1230528AD00883F01 /* Sources */ = {
			isa = PBXSourcesBuildPhase;
			buildActionMask = 2147483647;
			files = (
				112126DA230528AD00883F01 /* UIDocumentControllerTests.swift in Sources */,
			);
			runOnlyForDeploymentPostprocessing = 0;
		};
		112126DC230528AD00883F01 /* Sources */ = {
			isa = PBXSourcesBuildPhase;
			buildActionMask = 2147483647;
			files = (
				112126E5230528AD00883F01 /* UIDocumentControllerUITests.swift in Sources */,
			);
			runOnlyForDeploymentPostprocessing = 0;
		};
/* End PBXSourcesBuildPhase section */

/* Begin PBXTargetDependency section */
		112126D7230528AD00883F01 /* PBXTargetDependency */ = {
			isa = PBXTargetDependency;
			target = 112126C0230528AB00883F01 /* UIDocumentController */;
			targetProxy = 112126D6230528AD00883F01 /* PBXContainerItemProxy */;
		};
		112126E2230528AD00883F01 /* PBXTargetDependency */ = {
			isa = PBXTargetDependency;
			target = 112126C0230528AB00883F01 /* UIDocumentController */;
			targetProxy = 112126E1230528AD00883F01 /* PBXContainerItemProxy */;
		};
/* End PBXTargetDependency section */

/* Begin PBXVariantGroup section */
		112126C8230528AB00883F01 /* Main.storyboard */ = {
			isa = PBXVariantGroup;
			children = (
				112126C9230528AB00883F01 /* Base */,
			);
			name = Main.storyboard;
			sourceTree = "<group>";
		};
		112126CD230528AD00883F01 /* LaunchScreen.storyboard */ = {
			isa = PBXVariantGroup;
			children = (
				112126CE230528AD00883F01 /* Base */,
			);
			name = LaunchScreen.storyboard;
			sourceTree = "<group>";
		};
/* End PBXVariantGroup section */

/* Begin XCBuildConfiguration section */
		112126E7230528AD00883F01 /* Debug */ = {
			isa = XCBuildConfiguration;
			buildSettings = {
				ALWAYS_SEARCH_USER_PATHS = NO;
				CLANG_ANALYZER_NONNULL = YES;
				CLANG_ANALYZER_NUMBER_OBJECT_CONVERSION = YES_AGGRESSIVE;
				CLANG_CXX_LANGUAGE_STANDARD = "gnu++14";
				CLANG_CXX_LIBRARY = "libc++";
				CLANG_ENABLE_MODULES = YES;
				CLANG_ENABLE_OBJC_ARC = YES;
				CLANG_ENABLE_OBJC_WEAK = YES;
				CLANG_WARN_BLOCK_CAPTURE_AUTORELEASING = YES;
				CLANG_WARN_BOOL_CONVERSION = YES;
				CLANG_WARN_COMMA = YES;
				CLANG_WARN_CONSTANT_CONVERSION = YES;
				CLANG_WARN_DEPRECATED_OBJC_IMPLEMENTATIONS = YES;
				CLANG_WARN_DIRECT_OBJC_ISA_USAGE = YES_ERROR;
				CLANG_WARN_DOCUMENTATION_COMMENTS = YES;
				CLANG_WARN_EMPTY_BODY = YES;
				CLANG_WARN_ENUM_CONVERSION = YES;
				CLANG_WARN_INFINITE_RECURSION = YES;
				CLANG_WARN_INT_CONVERSION = YES;
				CLANG_WARN_NON_LITERAL_NULL_CONVERSION = YES;
				CLANG_WARN_OBJC_IMPLICIT_RETAIN_SELF = YES;
				CLANG_WARN_OBJC_LITERAL_CONVERSION = YES;
				CLANG_WARN_OBJC_ROOT_CLASS = YES_ERROR;
				CLANG_WARN_RANGE_LOOP_ANALYSIS = YES;
				CLANG_WARN_STRICT_PROTOTYPES = YES;
				CLANG_WARN_SUSPICIOUS_MOVE = YES;
				CLANG_WARN_UNGUARDED_AVAILABILITY = YES_AGGRESSIVE;
				CLANG_WARN_UNREACHABLE_CODE = YES;
				CLANG_WARN__DUPLICATE_METHOD_MATCH = YES;
				CODE_SIGN_IDENTITY = "iPhone Developer";
				COPY_PHASE_STRIP = NO;
				DEBUG_INFORMATION_FORMAT = dwarf;
				ENABLE_STRICT_OBJC_MSGSEND = YES;
				ENABLE_TESTABILITY = YES;
				GCC_C_LANGUAGE_STANDARD = gnu11;
				GCC_DYNAMIC_NO_PIC = NO;
				GCC_NO_COMMON_BLOCKS = YES;
				GCC_OPTIMIZATION_LEVEL = 0;
				GCC_PREPROCESSOR_DEFINITIONS = (
					"DEBUG=1",
					"$(inherited)",
				);
				GCC_WARN_64_TO_32_BIT_CONVERSION = YES;
				GCC_WARN_ABOUT_RETURN_TYPE = YES_ERROR;
				GCC_WARN_UNDECLARED_SELECTOR = YES;
				GCC_WARN_UNINITIALIZED_AUTOS = YES_AGGRESSIVE;
				GCC_WARN_UNUSED_FUNCTION = YES;
				GCC_WARN_UNUSED_VARIABLE = YES;
				IPHONEOS_DEPLOYMENT_TARGET = 12.1;
				MTL_ENABLE_DEBUG_INFO = INCLUDE_SOURCE;
				MTL_FAST_MATH = YES;
				ONLY_ACTIVE_ARCH = YES;
				SDKROOT = iphoneos;
				SWIFT_ACTIVE_COMPILATION_CONDITIONS = DEBUG;
				SWIFT_OPTIMIZATION_LEVEL = "-Onone";
			};
			name = Debug;
		};
		112126E8230528AD00883F01 /* Release */ = {
			isa = XCBuildConfiguration;
			buildSettings = {
				ALWAYS_SEARCH_USER_PATHS = NO;
				CLANG_ANALYZER_NONNULL = YES;
				CLANG_ANALYZER_NUMBER_OBJECT_CONVERSION = YES_AGGRESSIVE;
				CLANG_CXX_LANGUAGE_STANDARD = "gnu++14";
				CLANG_CXX_LIBRARY = "libc++";
				CLANG_ENABLE_MODULES = YES;
				CLANG_ENABLE_OBJC_ARC = YES;
				CLANG_ENABLE_OBJC_WEAK = YES;
				CLANG_WARN_BLOCK_CAPTURE_AUTORELEASING = YES;
				CLANG_WARN_BOOL_CONVERSION = YES;
				CLANG_WARN_COMMA = YES;
				CLANG_WARN_CONSTANT_CONVERSION = YES;
				CLANG_WARN_DEPRECATED_OBJC_IMPLEMENTATIONS = YES;
				CLANG_WARN_DIRECT_OBJC_ISA_USAGE = YES_ERROR;
				CLANG_WARN_DOCUMENTATION_COMMENTS = YES;
				CLANG_WARN_EMPTY_BODY = YES;
				CLANG_WARN_ENUM_CONVERSION = YES;
				CLANG_WARN_INFINITE_RECURSION = YES;
				CLANG_WARN_INT_CONVERSION = YES;
				CLANG_WARN_NON_LITERAL_NULL_CONVERSION = YES;
				CLANG_WARN_OBJC_IMPLICIT_RETAIN_SELF = YES;
				CLANG_WARN_OBJC_LITERAL_CONVERSION = YES;
				CLANG_WARN_OBJC_ROOT_CLASS = YES_ERROR;
				CLANG_WARN_RANGE_LOOP_ANALYSIS = YES;
				CLANG_WARN_STRICT_PROTOTYPES = YES;
				CLANG_WARN_SUSPICIOUS_MOVE = YES;
				CLANG_WARN_UNGUARDED_AVAILABILITY = YES_AGGRESSIVE;
				CLANG_WARN_UNREACHABLE_CODE = YES;
				CLANG_WARN__DUPLICATE_METHOD_MATCH = YES;
				CODE_SIGN_IDENTITY = "iPhone Developer";
				COPY_PHASE_STRIP = NO;
				DEBUG_INFORMATION_FORMAT = "dwarf-with-dsym";
				ENABLE_NS_ASSERTIONS = NO;
				ENABLE_STRICT_OBJC_MSGSEND = YES;
				GCC_C_LANGUAGE_STANDARD = gnu11;
				GCC_NO_COMMON_BLOCKS = YES;
				GCC_WARN_64_TO_32_BIT_CONVERSION = YES;
				GCC_WARN_ABOUT_RETURN_TYPE = YES_ERROR;
				GCC_WARN_UNDECLARED_SELECTOR = YES;
				GCC_WARN_UNINITIALIZED_AUTOS = YES_AGGRESSIVE;
				GCC_WARN_UNUSED_FUNCTION = YES;
				GCC_WARN_UNUSED_VARIABLE = YES;
				IPHONEOS_DEPLOYMENT_TARGET = 12.1;
				MTL_ENABLE_DEBUG_INFO = NO;
				MTL_FAST_MATH = YES;
				SDKROOT = iphoneos;
				SWIFT_COMPILATION_MODE = wholemodule;
				SWIFT_OPTIMIZATION_LEVEL = "-O";
				VALIDATE_PRODUCT = YES;
			};
			name = Release;
		};
		112126EA230528AD00883F01 /* Debug */ = {
			isa = XCBuildConfiguration;
			buildSettings = {
				ASSETCATALOG_COMPILER_APPICON_NAME = AppIcon;
				CODE_SIGN_STYLE = Automatic;
				INFOPLIST_FILE = UIDocumentController/Info.plist;
				LD_RUNPATH_SEARCH_PATHS = (
					"$(inherited)",
					"@executable_path/Frameworks",
				);
				PRODUCT_BUNDLE_IDENTIFIER = pe.UIDocumentController;
				PRODUCT_NAME = "$(TARGET_NAME)";
				SWIFT_VERSION = 4.2;
				TARGETED_DEVICE_FAMILY = "1,2";
			};
			name = Debug;
		};
		112126EB230528AD00883F01 /* Release */ = {
			isa = XCBuildConfiguration;
			buildSettings = {
				ASSETCATALOG_COMPILER_APPICON_NAME = AppIcon;
				CODE_SIGN_STYLE = Automatic;
				INFOPLIST_FILE = UIDocumentController/Info.plist;
				LD_RUNPATH_SEARCH_PATHS = (
					"$(inherited)",
					"@executable_path/Frameworks",
				);
				PRODUCT_BUNDLE_IDENTIFIER = pe.UIDocumentController;
				PRODUCT_NAME = "$(TARGET_NAME)";
				SWIFT_VERSION = 4.2;
				TARGETED_DEVICE_FAMILY = "1,2";
			};
			name = Release;
		};
		112126ED230528AD00883F01 /* Debug */ = {
			isa = XCBuildConfiguration;
			buildSettings = {
				ALWAYS_EMBED_SWIFT_STANDARD_LIBRARIES = YES;
				BUNDLE_LOADER = "$(TEST_HOST)";
				CODE_SIGN_STYLE = Automatic;
				INFOPLIST_FILE = UIDocumentControllerTests/Info.plist;
				LD_RUNPATH_SEARCH_PATHS = (
					"$(inherited)",
					"@executable_path/Frameworks",
					"@loader_path/Frameworks",
				);
				PRODUCT_BUNDLE_IDENTIFIER = pe.UIDocumentControllerTests;
				PRODUCT_NAME = "$(TARGET_NAME)";
				SWIFT_VERSION = 4.2;
				TARGETED_DEVICE_FAMILY = "1,2";
				TEST_HOST = "$(BUILT_PRODUCTS_DIR)/UIDocumentController.app/UIDocumentController";
			};
			name = Debug;
		};
		112126EE230528AD00883F01 /* Release */ = {
			isa = XCBuildConfiguration;
			buildSettings = {
				ALWAYS_EMBED_SWIFT_STANDARD_LIBRARIES = YES;
				BUNDLE_LOADER = "$(TEST_HOST)";
				CODE_SIGN_STYLE = Automatic;
				INFOPLIST_FILE = UIDocumentControllerTests/Info.plist;
				LD_RUNPATH_SEARCH_PATHS = (
					"$(inherited)",
					"@executable_path/Frameworks",
					"@loader_path/Frameworks",
				);
				PRODUCT_BUNDLE_IDENTIFIER = pe.UIDocumentControllerTests;
				PRODUCT_NAME = "$(TARGET_NAME)";
				SWIFT_VERSION = 4.2;
				TARGETED_DEVICE_FAMILY = "1,2";
				TEST_HOST = "$(BUILT_PRODUCTS_DIR)/UIDocumentController.app/UIDocumentController";
			};
			name = Release;
		};
		112126F0230528AD00883F01 /* Debug */ = {
			isa = XCBuildConfiguration;
			buildSettings = {
				ALWAYS_EMBED_SWIFT_STANDARD_LIBRARIES = YES;
				CODE_SIGN_STYLE = Automatic;
				INFOPLIST_FILE = UIDocumentControllerUITests/Info.plist;
				LD_RUNPATH_SEARCH_PATHS = (
					"$(inherited)",
					"@executable_path/Frameworks",
					"@loader_path/Frameworks",
				);
				PRODUCT_BUNDLE_IDENTIFIER = pe.UIDocumentControllerUITests;
				PRODUCT_NAME = "$(TARGET_NAME)";
				SWIFT_VERSION = 4.2;
				TARGETED_DEVICE_FAMILY = "1,2";
				TEST_TARGET_NAME = UIDocumentController;
			};
			name = Debug;
		};
		112126F1230528AD00883F01 /* Release */ = {
			isa = XCBuildConfiguration;
			buildSettings = {
				ALWAYS_EMBED_SWIFT_STANDARD_LIBRARIES = YES;
				CODE_SIGN_STYLE = Automatic;
				INFOPLIST_FILE = UIDocumentControllerUITests/Info.plist;
				LD_RUNPATH_SEARCH_PATHS = (
					"$(inherited)",
					"@executable_path/Frameworks",
					"@loader_path/Frameworks",
				);
				PRODUCT_BUNDLE_IDENTIFIER = pe.UIDocumentControllerUITests;
				PRODUCT_NAME = "$(TARGET_NAME)";
				SWIFT_VERSION = 4.2;
				TARGETED_DEVICE_FAMILY = "1,2";
				TEST_TARGET_NAME = UIDocumentController;
			};
			name = Release;
		};
/* End XCBuildConfiguration section */

/* Begin XCConfigurationList section */
		112126BC230528AB00883F01 /* Build configuration list for PBXProject "UIDocumentController" */ = {
			isa = XCConfigurationList;
			buildConfigurations = (
				112126E7230528AD00883F01 /* Debug */,
				112126E8230528AD00883F01 /* Release */,
			);
			defaultConfigurationIsVisible = 0;
			defaultConfigurationName = Release;
		};
		112126E9230528AD00883F01 /* Build configuration list for PBXNativeTarget "UIDocumentController" */ = {
			isa = XCConfigurationList;
			buildConfigurations = (
				112126EA230528AD00883F01 /* Debug */,
				112126EB230528AD00883F01 /* Release */,
			);
			defaultConfigurationIsVisible = 0;
			defaultConfigurationName = Release;
		};
		112126EC230528AD00883F01 /* Build configuration list for PBXNativeTarget "UIDocumentControllerTests" */ = {
			isa = XCConfigurationList;
			buildConfigurations = (
				112126ED230528AD00883F01 /* Debug */,
				112126EE230528AD00883F01 /* Release */,
			);
			defaultConfigurationIsVisible = 0;
			defaultConfigurationName = Release;
		};
		112126EF230528AD00883F01 /* Build configuration list for PBXNativeTarget "UIDocumentControllerUITests" */ = {
			isa = XCConfigurationList;
			buildConfigurations = (
				112126F0230528AD00883F01 /* Debug */,
				112126F1230528AD00883F01 /* Release */,
			);
			defaultConfigurationIsVisible = 0;
			defaultConfigurationName = Release;
		};
/* End XCConfigurationList section */
	};
	rootObject = 112126B9230528AB00883F01 /* Project object */;
}
